
Microsoft Visual Studio Solution File, Format Version 12.00
# Visual Studio Version 17
VisualStudioVersion = 17.10.35013.160
MinimumVisualStudioVersion = 10.0.40219.1
Project("{FAE04EC0-301F-11D3-BF4B-00C04F79EFBC}") = "ResumeSystem", "ResumeSystem.csproj", "{A4C5C861-5103-4F94-B008-569954167FC7}"
EndProject
Global
	GlobalSection(SolutionConfigurationPlatforms) = preSolution
		Debug|Any CPU = Debug|Any CPU
		Release|Any CPU = Release|Any CPU
	EndGlobalSection
	GlobalSection(ProjectConfigurationPlatforms) = postSolution
		{A4C5C861-5103-4F94-B008-569954167FC7}.Debug|Any CPU.ActiveCfg = Debug|Any CPU
		{A4C5C861-5103-4F94-B008-569954167FC7}.Debug|Any CPU.Build.0 = Debug|Any CPU
		{A4C5C861-5103-4F94-B008-569954167FC7}.Release|Any CPU.ActiveCfg = Release|Any CPU
		{A4C5C861-5103-4F94-B008-569954167FC7}.Release|Any CPU.Build.0 = Release|Any CPU
	EndGlobalSection
	GlobalSection(SolutionProperties) = preSolution
		HideSolutionNode = FALSE
	EndGlobalSection
	GlobalSection(ExtensibilityGlobals) = postSolution
		SolutionGuid = {33C8CE97-F99B-419C-B94A-C567239FFEEB}
	EndGlobalSection
EndGlobal
